
Microsoft Visual Studio Solution File, Format Version 12.00
# Visual Studio Version 17
VisualStudioVersion = 17.5.33516.290
MinimumVisualStudioVersion = 10.0.40219.1
Project("{FAE04EC0-301F-11D3-BF4B-00C04F79EFBC}") = "Blog Entity", "Blog Entity\Blog Entity.csproj", "{AF2840D7-3246-4E8E-BBA0-A92A4A26A432}"
EndProject
Global
	GlobalSection(SolutionConfigurationPlatforms) = preSolution
		Debug|Any CPU = Debug|Any CPU
		Release|Any CPU = Release|Any CPU
	EndGlobalSection
	GlobalSection(ProjectConfigurationPlatforms) = postSolution
		{AF2840D7-3246-4E8E-BBA0-A92A4A26A432}.Debug|Any CPU.ActiveCfg = Debug|Any CPU
		{AF2840D7-3246-4E8E-BBA0-A92A4A26A432}.Debug|Any CPU.Build.0 = Debug|Any CPU
		{AF2840D7-3246-4E8E-BBA0-A92A4A26A432}.Release|Any CPU.ActiveCfg = Release|Any CPU
		{AF2840D7-3246-4E8E-BBA0-A92A4A26A432}.Release|Any CPU.Build.0 = Release|Any CPU
	EndGlobalSection
	GlobalSection(SolutionProperties) = preSolution
		HideSolutionNode = FALSE
	EndGlobalSection
	GlobalSection(ExtensibilityGlobals) = postSolution
		SolutionGuid = {F1A1B661-91C2-44C4-A2BD-E9619136E542}
	EndGlobalSection
EndGlobal
